// !$*UTF8*$!
{
	archiveVersion = 1;
	classes = {
	};
	objectVersion = 46;
	objects = {

/* Begin PBXBuildFile section */
		050C352314406DC100EC1D91 /* Developer-Info.plist in Resources */ = {isa = PBXBuildFile; fileRef = 050C352214406DC100EC1D91 /* Developer-Info.plist */; };
		050C352914407E3E00EC1D91 /* RegisterViewController-iPad.xib in Resources */ = {isa = PBXBuildFile; fileRef = 050C352714407E3E00EC1D91 /* RegisterViewController-iPad.xib */; };
		05110E951441E94400FDB5DE /* howToUse.png in Resources */ = {isa = PBXBuildFile; fileRef = 05110E941441E94400FDB5DE /* howToUse.png */; };
		0544728C1426904400392985 /* RegisterViewController.xib in Resources */ = {isa = PBXBuildFile; fileRef = 054472851426904400392985 /* RegisterViewController.xib */; };
		0544728D1426904400392985 /* RegisterViewController.m in Sources */ = {isa = PBXBuildFile; fileRef = 054472871426904400392985 /* RegisterViewController.m */; };
		0544728E1426904400392985 /* Icon.png in Resources */ = {isa = PBXBuildFile; fileRef = 054472891426904400392985 /* Icon.png */; };
		0544728F1426904400392985 /* Icon@2x.png in Resources */ = {isa = PBXBuildFile; fileRef = 0544728A1426904400392985 /* Icon@2x.png */; };
		054472901426904400392985 /* MemorialClock.db in Resources */ = {isa = PBXBuildFile; fileRef = 0544728B1426904400392985 /* MemorialClock.db */; };
		054472A21426908600392985 /* MemoryModel.m in Sources */ = {isa = PBXBuildFile; fileRef = 054472941426908600392985 /* MemoryModel.m */; };
		054472A31426908600392985 /* NSDictionary+Null.m in Sources */ = {isa = PBXBuildFile; fileRef = 054472961426908600392985 /* NSDictionary+Null.m */; };
		054472A41426908600392985 /* FMDatabase.m in Sources */ = {isa = PBXBuildFile; fileRef = 0544729A1426908600392985 /* FMDatabase.m */; };
		054472A51426908600392985 /* FMDatabaseAdditions.m in Sources */ = {isa = PBXBuildFile; fileRef = 0544729C1426908600392985 /* FMDatabaseAdditions.m */; };
		054472A61426908600392985 /* FMResultSet.m in Sources */ = {isa = PBXBuildFile; fileRef = 0544729E1426908600392985 /* FMResultSet.m */; };
		054472A71426908600392985 /* UIPlaceHolderTextView.m in Sources */ = {isa = PBXBuildFile; fileRef = 054472A11426908600392985 /* UIPlaceHolderTextView.m */; };
		054472A9142690DD00392985 /* libsqlite3.0.dylib in Frameworks */ = {isa = PBXBuildFile; fileRef = 054472A8142690DD00392985 /* libsqlite3.0.dylib */; };
		055774F81429FABD00B28746 /* README.md in Resources */ = {isa = PBXBuildFile; fileRef = 055774F71429FABD00B28746 /* README.md */; };
		059844B11428F77C0079A1E1 /* MemorialClockViewController.xib in Resources */ = {isa = PBXBuildFile; fileRef = 059844B21428F77C0079A1E1 /* MemorialClockViewController.xib */; };
		05A323BD1438C29A009230D1 /* MessageUI.framework in Frameworks */ = {isa = PBXBuildFile; fileRef = 05A323BC1438C29A009230D1 /* MessageUI.framework */; };
		05A323C11438C91A009230D1 /* NSString+Escape.m in Sources */ = {isa = PBXBuildFile; fileRef = 05A323C01438C91A009230D1 /* NSString+Escape.m */; };
		05B101CE143C89B800EA2896 /* MainWindow-iPad.xib in Resources */ = {isa = PBXBuildFile; fileRef = 05B101CC143C89B800EA2896 /* MainWindow-iPad.xib */; };
		05B101D3143C9E4700EA2896 /* MemorialClockViewController-iPad.xib in Resources */ = {isa = PBXBuildFile; fileRef = 05B101D1143C9E4700EA2896 /* MemorialClockViewController-iPad.xib */; };
		05B772BC142253B1008A0B5D /* UIKit.framework in Frameworks */ = {isa = PBXBuildFile; fileRef = 05B772BB142253B1008A0B5D /* UIKit.framework */; };
		05B772BE142253B1008A0B5D /* Foundation.framework in Frameworks */ = {isa = PBXBuildFile; fileRef = 05B772BD142253B1008A0B5D /* Foundation.framework */; };
		05B772C0142253B1008A0B5D /* CoreGraphics.framework in Frameworks */ = {isa = PBXBuildFile; fileRef = 05B772BF142253B1008A0B5D /* CoreGraphics.framework */; };
		05B772C6142253B1008A0B5D /* InfoPlist.strings in Resources */ = {isa = PBXBuildFile; fileRef = 05B772C4142253B1008A0B5D /* InfoPlist.strings */; };
		05B772C9142253B1008A0B5D /* main.m in Sources */ = {isa = PBXBuildFile; fileRef = 05B772C8142253B1008A0B5D /* main.m */; };
		05B772CC142253B1008A0B5D /* MemorialClockAppDelegate.m in Sources */ = {isa = PBXBuildFile; fileRef = 05B772CB142253B1008A0B5D /* MemorialClockAppDelegate.m */; };
		05B772CF142253B1008A0B5D /* MainWindow.xib in Resources */ = {isa = PBXBuildFile; fileRef = 05B772CD142253B1008A0B5D /* MainWindow.xib */; };
		05B772D2142253B1008A0B5D /* MemorialClockViewController.m in Sources */ = {isa = PBXBuildFile; fileRef = 05B772D1142253B1008A0B5D /* MemorialClockViewController.m */; };
		05B7E79414434BE70062E2D5 /* Localizable.strings in Resources */ = {isa = PBXBuildFile; fileRef = 05B7E79614434BE70062E2D5 /* Localizable.strings */; };
/* End PBXBuildFile section */

/* Begin PBXFileReference section */
		0508D86414398E9100295DEA /* ja */ = {isa = PBXFileReference; lastKnownFileType = text.plist.strings; name = ja; path = ja.lproj/InfoPlist.strings; sourceTree = "<group>"; };
		050C352214406DC100EC1D91 /* Developer-Info.plist */ = {isa = PBXFileReference; fileEncoding = 4; lastKnownFileType = text.plist.xml; path = "Developer-Info.plist"; sourceTree = "<group>"; };
		050C352814407E3E00EC1D91 /* en */ = {isa = PBXFileReference; lastKnownFileType = file.xib; name = en; path = "iPad/en.lproj/RegisterViewController-iPad.xib"; sourceTree = "<group>"; };
		05110E941441E94400FDB5DE /* howToUse.png */ = {isa = PBXFileReference; lastKnownFileType = image.png; path = howToUse.png; sourceTree = "<group>"; };
		054472851426904400392985 /* RegisterViewController.xib */ = {isa = PBXFileReference; fileEncoding = 4; lastKnownFileType = file.xib; path = RegisterViewController.xib; sourceTree = "<group>"; };
		054472861426904400392985 /* RegisterViewController.h */ = {isa = PBXFileReference; fileEncoding = 4; lastKnownFileType = sourcecode.c.h; path = RegisterViewController.h; sourceTree = "<group>"; };
		054472871426904400392985 /* RegisterViewController.m */ = {isa = PBXFileReference; fileEncoding = 4; lastKnownFileType = sourcecode.c.objc; path = RegisterViewController.m; sourceTree = "<group>"; };
		054472891426904400392985 /* Icon.png */ = {isa = PBXFileReference; lastKnownFileType = image.png; path = Icon.png; sourceTree = "<group>"; };
		0544728A1426904400392985 /* Icon@2x.png */ = {isa = PBXFileReference; lastKnownFileType = image.png; path = "Icon@2x.png"; sourceTree = "<group>"; };
		0544728B1426904400392985 /* MemorialClock.db */ = {isa = PBXFileReference; lastKnownFileType = file; path = MemorialClock.db; sourceTree = "<group>"; };
		054472931426908600392985 /* MemoryModel.h */ = {isa = PBXFileReference; fileEncoding = 4; lastKnownFileType = sourcecode.c.h; path = MemoryModel.h; sourceTree = "<group>"; };
		054472941426908600392985 /* MemoryModel.m */ = {isa = PBXFileReference; fileEncoding = 4; lastKnownFileType = sourcecode.c.objc; path = MemoryModel.m; sourceTree = "<group>"; };
		054472951426908600392985 /* NSDictionary+Null.h */ = {isa = PBXFileReference; fileEncoding = 4; lastKnownFileType = sourcecode.c.h; path = "NSDictionary+Null.h"; sourceTree = "<group>"; };
		054472961426908600392985 /* NSDictionary+Null.m */ = {isa = PBXFileReference; fileEncoding = 4; lastKnownFileType = sourcecode.c.objc; path = "NSDictionary+Null.m"; sourceTree = "<group>"; };
		054472991426908600392985 /* FMDatabase.h */ = {isa = PBXFileReference; fileEncoding = 4; lastKnownFileType = sourcecode.c.h; path = FMDatabase.h; sourceTree = "<group>"; };
		0544729A1426908600392985 /* FMDatabase.m */ = {isa = PBXFileReference; fileEncoding = 4; lastKnownFileType = sourcecode.c.objc; path = FMDatabase.m; sourceTree = "<group>"; };
		0544729B1426908600392985 /* FMDatabaseAdditions.h */ = {isa = PBXFileReference; fileEncoding = 4; lastKnownFileType = sourcecode.c.h; path = FMDatabaseAdditions.h; sourceTree = "<group>"; };
		0544729C1426908600392985 /* FMDatabaseAdditions.m */ = {isa = PBXFileReference; fileEncoding = 4; lastKnownFileType = sourcecode.c.objc; path = FMDatabaseAdditions.m; sourceTree = "<group>"; };
		0544729D1426908600392985 /* FMResultSet.h */ = {isa = PBXFileReference; fileEncoding = 4; lastKnownFileType = sourcecode.c.h; path = FMResultSet.h; sourceTree = "<group>"; };
		0544729E1426908600392985 /* FMResultSet.m */ = {isa = PBXFileReference; fileEncoding = 4; lastKnownFileType = sourcecode.c.objc; path = FMResultSet.m; sourceTree = "<group>"; };
		054472A01426908600392985 /* UIPlaceHolderTextView.h */ = {isa = PBXFileReference; fileEncoding = 4; lastKnownFileType = sourcecode.c.h; path = UIPlaceHolderTextView.h; sourceTree = "<group>"; };
		054472A11426908600392985 /* UIPlaceHolderTextView.m */ = {isa = PBXFileReference; fileEncoding = 4; lastKnownFileType = sourcecode.c.objc; path = UIPlaceHolderTextView.m; sourceTree = "<group>"; };
		054472A8142690DD00392985 /* libsqlite3.0.dylib */ = {isa = PBXFileReference; lastKnownFileType = "compiled.mach-o.dylib"; name = libsqlite3.0.dylib; path = usr/lib/libsqlite3.0.dylib; sourceTree = SDKROOT; };
		055774F71429FABD00B28746 /* README.md */ = {isa = PBXFileReference; fileEncoding = 4; lastKnownFileType = text; path = README.md; sourceTree = SOURCE_ROOT; };
		059844B21428F77C0079A1E1 /* MemorialClockViewController.xib */ = {isa = PBXFileReference; lastKnownFileType = file.xib; path = MemorialClockViewController.xib; sourceTree = "<group>"; };
		05A323BC1438C29A009230D1 /* MessageUI.framework */ = {isa = PBXFileReference; lastKnownFileType = wrapper.framework; name = MessageUI.framework; path = System/Library/Frameworks/MessageUI.framework; sourceTree = SDKROOT; };
		05A323BF1438C91A009230D1 /* NSString+Escape.h */ = {isa = PBXFileReference; fileEncoding = 4; lastKnownFileType = sourcecode.c.h; path = "NSString+Escape.h"; sourceTree = "<group>"; };
		05A323C01438C91A009230D1 /* NSString+Escape.m */ = {isa = PBXFileReference; fileEncoding = 4; lastKnownFileType = sourcecode.c.objc; path = "NSString+Escape.m"; sourceTree = "<group>"; };
		05B101CD143C89B800EA2896 /* en */ = {isa = PBXFileReference; lastKnownFileType = file.xib; name = en; path = "iPad/en.lproj/MainWindow-iPad.xib"; sourceTree = "<group>"; };
		05B101D2143C9E4700EA2896 /* en */ = {isa = PBXFileReference; lastKnownFileType = file.xib; name = en; path = "iPad/en.lproj/MemorialClockViewController-iPad.xib"; sourceTree = "<group>"; };
		05B772B7142253B1008A0B5D /* MemorialClock.app */ = {isa = PBXFileReference; explicitFileType = wrapper.application; includeInIndex = 0; path = MemorialClock.app; sourceTree = BUILT_PRODUCTS_DIR; };
		05B772BB142253B1008A0B5D /* UIKit.framework */ = {isa = PBXFileReference; lastKnownFileType = wrapper.framework; name = UIKit.framework; path = System/Library/Frameworks/UIKit.framework; sourceTree = SDKROOT; };
		05B772BD142253B1008A0B5D /* Foundation.framework */ = {isa = PBXFileReference; lastKnownFileType = wrapper.framework; name = Foundation.framework; path = System/Library/Frameworks/Foundation.framework; sourceTree = SDKROOT; };
		05B772BF142253B1008A0B5D /* CoreGraphics.framework */ = {isa = PBXFileReference; lastKnownFileType = wrapper.framework; name = CoreGraphics.framework; path = System/Library/Frameworks/CoreGraphics.framework; sourceTree = SDKROOT; };
		05B772C3142253B1008A0B5D /* MemorialClock-Info.plist */ = {isa = PBXFileReference; lastKnownFileType = text.plist.xml; path = "MemorialClock-Info.plist"; sourceTree = "<group>"; };
		05B772C5142253B1008A0B5D /* en */ = {isa = PBXFileReference; lastKnownFileType = text.plist.strings; name = en; path = en.lproj/InfoPlist.strings; sourceTree = "<group>"; };
		05B772C7142253B1008A0B5D /* MemorialClock-Prefix.pch */ = {isa = PBXFileReference; lastKnownFileType = sourcecode.c.h; path = "MemorialClock-Prefix.pch"; sourceTree = "<group>"; };
		05B772C8142253B1008A0B5D /* main.m */ = {isa = PBXFileReference; lastKnownFileType = sourcecode.c.objc; path = main.m; sourceTree = "<group>"; };
		05B772CA142253B1008A0B5D /* MemorialClockAppDelegate.h */ = {isa = PBXFileReference; lastKnownFileType = sourcecode.c.h; path = MemorialClockAppDelegate.h; sourceTree = "<group>"; };
		05B772CB142253B1008A0B5D /* MemorialClockAppDelegate.m */ = {isa = PBXFileReference; lastKnownFileType = sourcecode.c.objc; path = MemorialClockAppDelegate.m; sourceTree = "<group>"; };
		05B772CE142253B1008A0B5D /* en */ = {isa = PBXFileReference; lastKnownFileType = file.xib; name = en; path = en.lproj/MainWindow.xib; sourceTree = "<group>"; };
		05B772D0142253B1008A0B5D /* MemorialClockViewController.h */ = {isa = PBXFileReference; lastKnownFileType = sourcecode.c.h; path = MemorialClockViewController.h; sourceTree = "<group>"; };
		05B772D1142253B1008A0B5D /* MemorialClockViewController.m */ = {isa = PBXFileReference; lastKnownFileType = sourcecode.c.objc; path = MemorialClockViewController.m; sourceTree = "<group>"; };
		05B7E79514434BE70062E2D5 /* en */ = {isa = PBXFileReference; lastKnownFileType = text.plist.strings; name = en; path = en.lproj/Localizable.strings; sourceTree = "<group>"; };
		05B7E79714434C090062E2D5 /* ja */ = {isa = PBXFileReference; lastKnownFileType = text.plist.strings; name = ja; path = ja.lproj/Localizable.strings; sourceTree = "<group>"; };
/* End PBXFileReference section */

/* Begin PBXFrameworksBuildPhase section */
		05B772B4142253B1008A0B5D /* Frameworks */ = {
			isa = PBXFrameworksBuildPhase;
			buildActionMask = 2147483647;
			files = (
				054472A9142690DD00392985 /* libsqlite3.0.dylib in Frameworks */,
				05B772BC142253B1008A0B5D /* UIKit.framework in Frameworks */,
				05B772BE142253B1008A0B5D /* Foundation.framework in Frameworks */,
				05B772C0142253B1008A0B5D /* CoreGraphics.framework in Frameworks */,
				05A323BD1438C29A009230D1 /* MessageUI.framework in Frameworks */,
			);
			runOnlyForDeploymentPostprocessing = 0;
		};
/* End PBXFrameworksBuildPhase section */

/* Begin PBXGroup section */
		054472881426904400392985 /* Resources */ = {
			isa = PBXGroup;
			children = (
				054472891426904400392985 /* Icon.png */,
				0544728A1426904400392985 /* Icon@2x.png */,
				0544728B1426904400392985 /* MemorialClock.db */,
				05110E941441E94400FDB5DE /* howToUse.png */,
				050C352214406DC100EC1D91 /* Developer-Info.plist */,
			);
			path = Resources;
			sourceTree = "<group>";
		};
		054472911426908600392985 /* Classes */ = {
			isa = PBXGroup;
			children = (
				054472921426908600392985 /* Model */,
			);
			path = Classes;
			sourceTree = "<group>";
		};
		054472921426908600392985 /* Model */ = {
			isa = PBXGroup;
			children = (
				05A323BF1438C91A009230D1 /* NSString+Escape.h */,
				05A323C01438C91A009230D1 /* NSString+Escape.m */,
				054472951426908600392985 /* NSDictionary+Null.h */,
				054472961426908600392985 /* NSDictionary+Null.m */,
				054472931426908600392985 /* MemoryModel.h */,
				054472941426908600392985 /* MemoryModel.m */,
			);
			path = Model;
			sourceTree = "<group>";
		};
		054472971426908600392985 /* Libraries */ = {
			isa = PBXGroup;
			children = (
				054472981426908600392985 /* FMDB */,
				0544729F1426908600392985 /* UIPlaceHolderTextView */,
			);
			path = Libraries;
			sourceTree = "<group>";
		};
		054472981426908600392985 /* FMDB */ = {
			isa = PBXGroup;
			children = (
				054472991426908600392985 /* FMDatabase.h */,
				0544729A1426908600392985 /* FMDatabase.m */,
				0544729B1426908600392985 /* FMDatabaseAdditions.h */,
				0544729C1426908600392985 /* FMDatabaseAdditions.m */,
				0544729D1426908600392985 /* FMResultSet.h */,
				0544729E1426908600392985 /* FMResultSet.m */,
			);
			path = FMDB;
			sourceTree = "<group>";
		};
		0544729F1426908600392985 /* UIPlaceHolderTextView */ = {
			isa = PBXGroup;
			children = (
				054472A01426908600392985 /* UIPlaceHolderTextView.h */,
				054472A11426908600392985 /* UIPlaceHolderTextView.m */,
			);
			path = UIPlaceHolderTextView;
			sourceTree = "<group>";
		};
		05B101CB143C89B600EA2896 /* iPad */ = {
			isa = PBXGroup;
			children = (
				05B101CC143C89B800EA2896 /* MainWindow-iPad.xib */,
				05B101D1143C9E4700EA2896 /* MemorialClockViewController-iPad.xib */,
				050C352714407E3E00EC1D91 /* RegisterViewController-iPad.xib */,
			);
			name = iPad;
			sourceTree = "<group>";
		};
		05B772AC142253B1008A0B5D = {
			isa = PBXGroup;
			children = (
				05B772C1142253B1008A0B5D /* MemorialClock */,
				05B772BA142253B1008A0B5D /* Frameworks */,
				054472A8142690DD00392985 /* libsqlite3.0.dylib */,
				05B772B8142253B1008A0B5D /* Products */,
			);
			sourceTree = "<group>";
		};
		05B772B8142253B1008A0B5D /* Products */ = {
			isa = PBXGroup;
			children = (
				05B772B7142253B1008A0B5D /* MemorialClock.app */,
			);
			name = Products;
			sourceTree = "<group>";
		};
		05B772BA142253B1008A0B5D /* Frameworks */ = {
			isa = PBXGroup;
			children = (
				05B772BB142253B1008A0B5D /* UIKit.framework */,
				05B772BD142253B1008A0B5D /* Foundation.framework */,
				05B772BF142253B1008A0B5D /* CoreGraphics.framework */,
				05A323BC1438C29A009230D1 /* MessageUI.framework */,
			);
			name = Frameworks;
			sourceTree = "<group>";
		};
		05B772C1142253B1008A0B5D /* MemorialClock */ = {
			isa = PBXGroup;
			children = (
				055774F71429FABD00B28746 /* README.md */,
				054472971426908600392985 /* Libraries */,
				054472911426908600392985 /* Classes */,
				05B772CA142253B1008A0B5D /* MemorialClockAppDelegate.h */,
				05B772CB142253B1008A0B5D /* MemorialClockAppDelegate.m */,
				05B772CD142253B1008A0B5D /* MainWindow.xib */,
				05B772D0142253B1008A0B5D /* MemorialClockViewController.h */,
				05B772D1142253B1008A0B5D /* MemorialClockViewController.m */,
				059844B21428F77C0079A1E1 /* MemorialClockViewController.xib */,
				054472861426904400392985 /* RegisterViewController.h */,
				054472871426904400392985 /* RegisterViewController.m */,
				054472851426904400392985 /* RegisterViewController.xib */,
				05B772C2142253B1008A0B5D /* Supporting Files */,
				054472881426904400392985 /* Resources */,
				05B101CB143C89B600EA2896 /* iPad */,
			);
			path = MemorialClock;
			sourceTree = "<group>";
		};
		05B772C2142253B1008A0B5D /* Supporting Files */ = {
			isa = PBXGroup;
			children = (
				05B772C3142253B1008A0B5D /* MemorialClock-Info.plist */,
				05B772C4142253B1008A0B5D /* InfoPlist.strings */,
				05B772C7142253B1008A0B5D /* MemorialClock-Prefix.pch */,
				05B772C8142253B1008A0B5D /* main.m */,
				05B7E79614434BE70062E2D5 /* Localizable.strings */,
			);
			name = "Supporting Files";
			sourceTree = "<group>";
		};
/* End PBXGroup section */

/* Begin PBXNativeTarget section */
		05B772B6142253B1008A0B5D /* MemorialClock */ = {
			isa = PBXNativeTarget;
			buildConfigurationList = 05B772D8142253B1008A0B5D /* Build configuration list for PBXNativeTarget "MemorialClock" */;
			buildPhases = (
				05B772B3142253B1008A0B5D /* Sources */,
				05B772B4142253B1008A0B5D /* Frameworks */,
				05B772B5142253B1008A0B5D /* Resources */,
			);
			buildRules = (
			);
			dependencies = (
			);
			name = MemorialClock;
			productName = MemorialClock;
			productReference = 05B772B7142253B1008A0B5D /* MemorialClock.app */;
			productType = "com.apple.product-type.application";
		};
/* End PBXNativeTarget section */

/* Begin PBXProject section */
		05B772AE142253B1008A0B5D /* Project object */ = {
			isa = PBXProject;
			buildConfigurationList = 05B772B1142253B1008A0B5D /* Build configuration list for PBXProject "MemorialClock" */;
			compatibilityVersion = "Xcode 3.2";
			developmentRegion = English;
			hasScannedForEncodings = 0;
			knownRegions = (
				en,
				ja,
			);
			mainGroup = 05B772AC142253B1008A0B5D;
			productRefGroup = 05B772B8142253B1008A0B5D /* Products */;
			projectDirPath = "";
			projectRoot = "";
			targets = (
				05B772B6142253B1008A0B5D /* MemorialClock */,
			);
		};
/* End PBXProject section */

/* Begin PBXResourcesBuildPhase section */
		05B772B5142253B1008A0B5D /* Resources */ = {
			isa = PBXResourcesBuildPhase;
			buildActionMask = 2147483647;
			files = (
				05B772C6142253B1008A0B5D /* InfoPlist.strings in Resources */,
				05B772CF142253B1008A0B5D /* MainWindow.xib in Resources */,
				059844B11428F77C0079A1E1 /* MemorialClockViewController.xib in Resources */,
				0544728C1426904400392985 /* RegisterViewController.xib in Resources */,
				0544728E1426904400392985 /* Icon.png in Resources */,
				0544728F1426904400392985 /* Icon@2x.png in Resources */,
				054472901426904400392985 /* MemorialClock.db in Resources */,
				055774F81429FABD00B28746 /* README.md in Resources */,
				05B101CE143C89B800EA2896 /* MainWindow-iPad.xib in Resources */,
				05B101D3143C9E4700EA2896 /* MemorialClockViewController-iPad.xib in Resources */,
				050C352314406DC100EC1D91 /* Developer-Info.plist in Resources */,
				050C352914407E3E00EC1D91 /* RegisterViewController-iPad.xib in Resources */,
				05110E951441E94400FDB5DE /* howToUse.png in Resources */,
				05B7E79414434BE70062E2D5 /* Localizable.strings in Resources */,
			);
			runOnlyForDeploymentPostprocessing = 0;
		};
/* End PBXResourcesBuildPhase section */

/* Begin PBXSourcesBuildPhase section */
		05B772B3142253B1008A0B5D /* Sources */ = {
			isa = PBXSourcesBuildPhase;
			buildActionMask = 2147483647;
			files = (
				05B772C9142253B1008A0B5D /* main.m in Sources */,
				05B772CC142253B1008A0B5D /* MemorialClockAppDelegate.m in Sources */,
				05B772D2142253B1008A0B5D /* MemorialClockViewController.m in Sources */,
				0544728D1426904400392985 /* RegisterViewController.m in Sources */,
				054472A21426908600392985 /* MemoryModel.m in Sources */,
				054472A31426908600392985 /* NSDictionary+Null.m in Sources */,
				054472A41426908600392985 /* FMDatabase.m in Sources */,
				054472A51426908600392985 /* FMDatabaseAdditions.m in Sources */,
				054472A61426908600392985 /* FMResultSet.m in Sources */,
				054472A71426908600392985 /* UIPlaceHolderTextView.m in Sources */,
				05A323C11438C91A009230D1 /* NSString+Escape.m in Sources */,
			);
			runOnlyForDeploymentPostprocessing = 0;
		};
/* End PBXSourcesBuildPhase section */

/* Begin PBXVariantGroup section */
		050C352714407E3E00EC1D91 /* RegisterViewController-iPad.xib */ = {
			isa = PBXVariantGroup;
			children = (
				050C352814407E3E00EC1D91 /* en */,
			);
			name = "RegisterViewController-iPad.xib";
			sourceTree = "<group>";
		};
		05B101CC143C89B800EA2896 /* MainWindow-iPad.xib */ = {
			isa = PBXVariantGroup;
			children = (
				05B101CD143C89B800EA2896 /* en */,
			);
			name = "MainWindow-iPad.xib";
			sourceTree = "<group>";
		};
		05B101D1143C9E4700EA2896 /* MemorialClockViewController-iPad.xib */ = {
			isa = PBXVariantGroup;
			children = (
				05B101D2143C9E4700EA2896 /* en */,
			);
			name = "MemorialClockViewController-iPad.xib";
			sourceTree = "<group>";
		};
		05B772C4142253B1008A0B5D /* InfoPlist.strings */ = {
			isa = PBXVariantGroup;
			children = (
				05B772C5142253B1008A0B5D /* en */,
				0508D86414398E9100295DEA /* ja */,
			);
			name = InfoPlist.strings;
			sourceTree = "<group>";
		};
		05B772CD142253B1008A0B5D /* MainWindow.xib */ = {
			isa = PBXVariantGroup;
			children = (
				05B772CE142253B1008A0B5D /* en */,
			);
			name = MainWindow.xib;
			sourceTree = "<group>";
		};
		05B7E79614434BE70062E2D5 /* Localizable.strings */ = {
			isa = PBXVariantGroup;
			children = (
				05B7E79514434BE70062E2D5 /* en */,
				05B7E79714434C090062E2D5 /* ja */,
			);
			name = Localizable.strings;
			sourceTree = "<group>";
		};
/* End PBXVariantGroup section */

/* Begin XCBuildConfiguration section */
		05B772D6142253B1008A0B5D /* Debug */ = {
			isa = XCBuildConfiguration;
			buildSettings = {
				ARCHS = "$(ARCHS_STANDARD_32_BIT)";
				"CODE_SIGN_IDENTITY[sdk=iphoneos*]" = "iPhone Developer";
				GCC_C_LANGUAGE_STANDARD = gnu99;
				GCC_OPTIMIZATION_LEVEL = 0;
				GCC_PREPROCESSOR_DEFINITIONS = DEBUG;
				GCC_SYMBOLS_PRIVATE_EXTERN = NO;
				GCC_VERSION = com.apple.compilers.llvmgcc42;
				GCC_WARN_ABOUT_RETURN_TYPE = YES;
				GCC_WARN_UNUSED_VARIABLE = YES;
				IPHONEOS_DEPLOYMENT_TARGET = 4.3;
				SDKROOT = iphoneos;
			};
			name = Debug;
		};
		05B772D7142253B1008A0B5D /* Release */ = {
			isa = XCBuildConfiguration;
			buildSettings = {
				ARCHS = "$(ARCHS_STANDARD_32_BIT)";
				"CODE_SIGN_IDENTITY[sdk=iphoneos*]" = "iPhone Developer";
				GCC_C_LANGUAGE_STANDARD = gnu99;
				GCC_VERSION = com.apple.compilers.llvmgcc42;
				GCC_WARN_ABOUT_RETURN_TYPE = YES;
				GCC_WARN_UNUSED_VARIABLE = YES;
				IPHONEOS_DEPLOYMENT_TARGET = 4.3;
				OTHER_CFLAGS = "-DNS_BLOCK_ASSERTIONS=1";
				SDKROOT = iphoneos;
			};
			name = Release;
		};
		05B772D9142253B1008A0B5D /* Debug */ = {
			isa = XCBuildConfiguration;
			buildSettings = {
				ALWAYS_SEARCH_USER_PATHS = NO;
				COPY_PHASE_STRIP = NO;
				GCC_DYNAMIC_NO_PIC = NO;
				GCC_PRECOMPILE_PREFIX_HEADER = YES;
				GCC_PREFIX_HEADER = "MemorialClock/MemorialClock-Prefix.pch";
				INFOPLIST_FILE = "MemorialClock/MemorialClock-Info.plist";
				IPHONEOS_DEPLOYMENT_TARGET = 4.3;
				PRODUCT_NAME = "$(TARGET_NAME)";
				TARGETED_DEVICE_FAMILY = "1,2";
				WRAPPER_EXTENSION = app;
			};
			name = Debug;
		};
		05B772DA142253B1008A0B5D /* Release */ = {
			isa = XCBuildConfiguration;
			buildSettings = {
				ALWAYS_SEARCH_USER_PATHS = NO;
				COPY_PHASE_STRIP = YES;
				GCC_PRECOMPILE_PREFIX_HEADER = YES;
				GCC_PREFIX_HEADER = "MemorialClock/MemorialClock-Prefix.pch";
				INFOPLIST_FILE = "MemorialClock/MemorialClock-Info.plist";
				IPHONEOS_DEPLOYMENT_TARGET = 4.3;
				PRODUCT_NAME = "$(TARGET_NAME)";
				TARGETED_DEVICE_FAMILY = "1,2";
				VALIDATE_PRODUCT = YES;
				WRAPPER_EXTENSION = app;
			};
			name = Release;
		};
/* End XCBuildConfiguration section */

/* Begin XCConfigurationList section */
		05B772B1142253B1008A0B5D /* Build configuration list for PBXProject "MemorialClock" */ = {
			isa = XCConfigurationList;
			buildConfigurations = (
				05B772D6142253B1008A0B5D /* Debug */,
				05B772D7142253B1008A0B5D /* Release */,
			);
			defaultConfigurationIsVisible = 0;
			defaultConfigurationName = Release;
		};
		05B772D8142253B1008A0B5D /* Build configuration list for PBXNativeTarget "MemorialClock" */ = {
			isa = XCConfigurationList;
			buildConfigurations = (
				05B772D9142253B1008A0B5D /* Debug */,
				05B772DA142253B1008A0B5D /* Release */,
			);
			defaultConfigurationIsVisible = 0;
			defaultConfigurationName = Release;
		};
/* End XCConfigurationList section */
	};
	rootObject = 05B772AE142253B1008A0B5D /* Project object */;
}
